// !$*UTF8*$!
{
	archiveVersion = 1;
	classes = {
	};
	objectVersion = 55;
	objects = {

/* Begin PBXBuildFile section */
		488683E627D0B97A0043B1E0 /* Workout.swift in Sources */ = {isa = PBXBuildFile; fileRef = 488683E527D0B97A0043B1E0 /* Workout.swift */; };
		488683E827D0BC550043B1E0 /* TimerView.swift in Sources */ = {isa = PBXBuildFile; fileRef = 488683E727D0BC550043B1E0 /* TimerView.swift */; };
		488683EA27D0BCFC0043B1E0 /* ProfileView.swift in Sources */ = {isa = PBXBuildFile; fileRef = 488683E927D0BCFC0043B1E0 /* ProfileView.swift */; };
		488683EC27D0BDA00043B1E0 /* WorkoutView.swift in Sources */ = {isa = PBXBuildFile; fileRef = 488683EB27D0BDA00043B1E0 /* WorkoutView.swift */; };
		48A1573627D9F95D00D4D3D3 /* WorkoutVueModel.swift in Sources */ = {isa = PBXBuildFile; fileRef = 48A1573527D9F95D00D4D3D3 /* WorkoutVueModel.swift */; };
		7F506F6027D0B0A700BB0B70 /* WorkoutApp.swift in Sources */ = {isa = PBXBuildFile; fileRef = 7F506F5F27D0B0A700BB0B70 /* WorkoutApp.swift */; };
		7F506F6427D0B0AA00BB0B70 /* Assets.xcassets in Resources */ = {isa = PBXBuildFile; fileRef = 7F506F6327D0B0AA00BB0B70 /* Assets.xcassets */; };
		7F506F6727D0B0AA00BB0B70 /* Preview Assets.xcassets in Resources */ = {isa = PBXBuildFile; fileRef = 7F506F6627D0B0AA00BB0B70 /* Preview Assets.xcassets */; };
		7F506F6E27D0C0C000BB0B70 /* MainView.swift in Sources */ = {isa = PBXBuildFile; fileRef = 7F506F6D27D0C0C000BB0B70 /* MainView.swift */; };
/* End PBXBuildFile section */

/* Begin PBXFileReference section */
		488683E527D0B97A0043B1E0 /* Workout.swift */ = {isa = PBXFileReference; lastKnownFileType = sourcecode.swift; path = Workout.swift; sourceTree = "<group>"; };
		488683E727D0BC550043B1E0 /* TimerView.swift */ = {isa = PBXFileReference; lastKnownFileType = sourcecode.swift; path = TimerView.swift; sourceTree = "<group>"; };
		488683E927D0BCFC0043B1E0 /* ProfileView.swift */ = {isa = PBXFileReference; lastKnownFileType = sourcecode.swift; path = ProfileView.swift; sourceTree = "<group>"; };
		488683EB27D0BDA00043B1E0 /* WorkoutView.swift */ = {isa = PBXFileReference; lastKnownFileType = sourcecode.swift; path = WorkoutView.swift; sourceTree = "<group>"; };
		48A1573527D9F95D00D4D3D3 /* WorkoutVueModel.swift */ = {isa = PBXFileReference; lastKnownFileType = sourcecode.swift; path = WorkoutVueModel.swift; sourceTree = "<group>"; };
		7F506F5C27D0B0A700BB0B70 /* Workout.app */ = {isa = PBXFileReference; explicitFileType = wrapper.application; includeInIndex = 0; path = Workout.app; sourceTree = BUILT_PRODUCTS_DIR; };
		7F506F5F27D0B0A700BB0B70 /* WorkoutApp.swift */ = {isa = PBXFileReference; lastKnownFileType = sourcecode.swift; path = WorkoutApp.swift; sourceTree = "<group>"; };
		7F506F6327D0B0AA00BB0B70 /* Assets.xcassets */ = {isa = PBXFileReference; lastKnownFileType = folder.assetcatalog; path = Assets.xcassets; sourceTree = "<group>"; };
		7F506F6627D0B0AA00BB0B70 /* Preview Assets.xcassets */ = {isa = PBXFileReference; lastKnownFileType = folder.assetcatalog; path = "Preview Assets.xcassets"; sourceTree = "<group>"; };
		7F506F6D27D0C0C000BB0B70 /* MainView.swift */ = {isa = PBXFileReference; lastKnownFileType = sourcecode.swift; path = MainView.swift; sourceTree = "<group>"; };
/* End PBXFileReference section */

/* Begin PBXFrameworksBuildPhase section */
		7F506F5927D0B0A700BB0B70 /* Frameworks */ = {
			isa = PBXFrameworksBuildPhase;
			buildActionMask = 2147483647;
			files = (
			);
			runOnlyForDeploymentPostprocessing = 0;
		};
/* End PBXFrameworksBuildPhase section */

/* Begin PBXGroup section */
		488683E127D0B5680043B1E0 /* Model */ = {
			isa = PBXGroup;
			children = (
				488683E527D0B97A0043B1E0 /* Workout.swift */,
			);
			path = Model;
			sourceTree = "<group>";
		};
		488683E227D0B5730043B1E0 /* Vue */ = {
			isa = PBXGroup;
			children = (
				7F506F5F27D0B0A700BB0B70 /* WorkoutApp.swift */,
				488683E727D0BC550043B1E0 /* TimerView.swift */,
				488683E927D0BCFC0043B1E0 /* ProfileView.swift */,
				488683EB27D0BDA00043B1E0 /* WorkoutView.swift */,
				7F506F6D27D0C0C000BB0B70 /* MainView.swift */,
			);
			path = Vue;
			sourceTree = "<group>";
		};
		48A1573427D9F94000D4D3D3 /* VueModel */ = {
			isa = PBXGroup;
			children = (
				48A1573527D9F95D00D4D3D3 /* WorkoutVueModel.swift */,
			);
			path = VueModel;
			sourceTree = "<group>";
		};
		7F506F5327D0B0A700BB0B70 = {
			isa = PBXGroup;
			children = (
				7F506F5E27D0B0A700BB0B70 /* Workout */,
				7F506F5D27D0B0A700BB0B70 /* Products */,
			);
			sourceTree = "<group>";
		};
		7F506F5D27D0B0A700BB0B70 /* Products */ = {
			isa = PBXGroup;
			children = (
				7F506F5C27D0B0A700BB0B70 /* Workout.app */,
			);
			name = Products;
			sourceTree = "<group>";
		};
		7F506F5E27D0B0A700BB0B70 /* Workout */ = {
			isa = PBXGroup;
			children = (
				48A1573427D9F94000D4D3D3 /* VueModel */,
				488683E227D0B5730043B1E0 /* Vue */,
				488683E127D0B5680043B1E0 /* Model */,
				7F506F6327D0B0AA00BB0B70 /* Assets.xcassets */,
				7F506F6527D0B0AA00BB0B70 /* Preview Content */,
			);
			path = Workout;
			sourceTree = "<group>";
		};
		7F506F6527D0B0AA00BB0B70 /* Preview Content */ = {
			isa = PBXGroup;
			children = (
				7F506F6627D0B0AA00BB0B70 /* Preview Assets.xcassets */,
			);
			path = "Preview Content";
			sourceTree = "<group>";
		};
/* End PBXGroup section */

/* Begin PBXNativeTarget section */
		7F506F5B27D0B0A700BB0B70 /* Workout */ = {
			isa = PBXNativeTarget;
			buildConfigurationList = 7F506F6A27D0B0AA00BB0B70 /* Build configuration list for PBXNativeTarget "Workout" */;
			buildPhases = (
				7F506F5827D0B0A700BB0B70 /* Sources */,
				7F506F5927D0B0A700BB0B70 /* Frameworks */,
				7F506F5A27D0B0A700BB0B70 /* Resources */,
			);
			buildRules = (
			);
			dependencies = (
			);
			name = Workout;
			productName = Workout;
			productReference = 7F506F5C27D0B0A700BB0B70 /* Workout.app */;
			productType = "com.apple.product-type.application";
		};
/* End PBXNativeTarget section */

/* Begin PBXProject section */
		7F506F5427D0B0A700BB0B70 /* Project object */ = {
			isa = PBXProject;
			attributes = {
				BuildIndependentTargetsInParallel = 1;
				LastSwiftUpdateCheck = 1310;
				LastUpgradeCheck = 1310;
				TargetAttributes = {
					7F506F5B27D0B0A700BB0B70 = {
						CreatedOnToolsVersion = 13.1;
					};
				};
			};
			buildConfigurationList = 7F506F5727D0B0A700BB0B70 /* Build configuration list for PBXProject "Workout" */;
			compatibilityVersion = "Xcode 13.0";
			developmentRegion = en;
			hasScannedForEncodings = 0;
			knownRegions = (
				en,
				Base,
			);
			mainGroup = 7F506F5327D0B0A700BB0B70;
			productRefGroup = 7F506F5D27D0B0A700BB0B70 /* Products */;
			projectDirPath = "";
			projectRoot = "";
			targets = (
				7F506F5B27D0B0A700BB0B70 /* Workout */,
			);
		};
/* End PBXProject section */

/* Begin PBXResourcesBuildPhase section */
		7F506F5A27D0B0A700BB0B70 /* Resources */ = {
			isa = PBXResourcesBuildPhase;
			buildActionMask = 2147483647;
			files = (
				7F506F6727D0B0AA00BB0B70 /* Preview Assets.xcassets in Resources */,
				7F506F6427D0B0AA00BB0B70 /* Assets.xcassets in Resources */,
			);
			runOnlyForDeploymentPostprocessing = 0;
		};
/* End PBXResourcesBuildPhase section */

/* Begin PBXSourcesBuildPhase section */
		7F506F5827D0B0A700BB0B70 /* Sources */ = {
			isa = PBXSourcesBuildPhase;
			buildActionMask = 2147483647;
			files = (
				7F506F6027D0B0A700BB0B70 /* WorkoutApp.swift in Sources */,
				7F506F6E27D0C0C000BB0B70 /* MainView.swift in Sources */,
				488683EA27D0BCFC0043B1E0 /* ProfileView.swift in Sources */,
				48A1573627D9F95D00D4D3D3 /* WorkoutVueModel.swift in Sources */,
				488683E827D0BC550043B1E0 /* TimerView.swift in Sources */,
				488683EC27D0BDA00043B1E0 /* WorkoutView.swift in Sources */,
				488683E627D0B97A0043B1E0 /* Workout.swift in Sources */,
			);
			runOnlyForDeploymentPostprocessing = 0;
		};
/* End PBXSourcesBuildPhase section */

/* Begin XCBuildConfiguration section */
		7F506F6827D0B0AA00BB0B70 /* Debug */ = {
			isa = XCBuildConfiguration;
			buildSettings = {
				ALWAYS_SEARCH_USER_PATHS = NO;
				CLANG_ANALYZER_NONNULL = YES;
				CLANG_ANALYZER_NUMBER_OBJECT_CONVERSION = YES_AGGRESSIVE;
				CLANG_CXX_LANGUAGE_STANDARD = "gnu++17";
				CLANG_CXX_LIBRARY = "libc++";
				CLANG_ENABLE_MODULES = YES;
				CLANG_ENABLE_OBJC_ARC = YES;
				CLANG_ENABLE_OBJC_WEAK = YES;
				CLANG_WARN_BLOCK_CAPTURE_AUTORELEASING = YES;
				CLANG_WARN_BOOL_CONVERSION = YES;
				CLANG_WARN_COMMA = YES;
				CLANG_WARN_CONSTANT_CONVERSION = YES;
				CLANG_WARN_DEPRECATED_OBJC_IMPLEMENTATIONS = YES;
				CLANG_WARN_DIRECT_OBJC_ISA_USAGE = YES_ERROR;
				CLANG_WARN_DOCUMENTATION_COMMENTS = YES;
				CLANG_WARN_EMPTY_BODY = YES;
				CLANG_WARN_ENUM_CONVERSION = YES;
				CLANG_WARN_INFINITE_RECURSION = YES;
				CLANG_WARN_INT_CONVERSION = YES;
				CLANG_WARN_NON_LITERAL_NULL_CONVERSION = YES;
				CLANG_WARN_OBJC_IMPLICIT_RETAIN_SELF = YES;
				CLANG_WARN_OBJC_LITERAL_CONVERSION = YES;
				CLANG_WARN_OBJC_ROOT_CLASS = YES_ERROR;
				CLANG_WARN_QUOTED_INCLUDE_IN_FRAMEWORK_HEADER = YES;
				CLANG_WARN_RANGE_LOOP_ANALYSIS = YES;
				CLANG_WARN_STRICT_PROTOTYPES = YES;
				CLANG_WARN_SUSPICIOUS_MOVE = YES;
				CLANG_WARN_UNGUARDED_AVAILABILITY = YES_AGGRESSIVE;
				CLANG_WARN_UNREACHABLE_CODE = YES;
				CLANG_WARN__DUPLICATE_METHOD_MATCH = YES;
				COPY_PHASE_STRIP = NO;
				DEBUG_INFORMATION_FORMAT = dwarf;
				ENABLE_STRICT_OBJC_MSGSEND = YES;
				ENABLE_TESTABILITY = YES;
				GCC_C_LANGUAGE_STANDARD = gnu11;
				GCC_DYNAMIC_NO_PIC = NO;
				GCC_NO_COMMON_BLOCKS = YES;
				GCC_OPTIMIZATION_LEVEL = 0;
				GCC_PREPROCESSOR_DEFINITIONS = (
					"DEBUG=1",
					"$(inherited)",
				);
				GCC_WARN_64_TO_32_BIT_CONVERSION = YES;
				GCC_WARN_ABOUT_RETURN_TYPE = YES_ERROR;
				GCC_WARN_UNDECLARED_SELECTOR = YES;
				GCC_WARN_UNINITIALIZED_AUTOS = YES_AGGRESSIVE;
				GCC_WARN_UNUSED_FUNCTION = YES;
				GCC_WARN_UNUSED_VARIABLE = YES;
				IPHONEOS_DEPLOYMENT_TARGET = 15.0;
				MTL_ENABLE_DEBUG_INFO = INCLUDE_SOURCE;
				MTL_FAST_MATH = YES;
				ONLY_ACTIVE_ARCH = YES;
				SDKROOT = iphoneos;
				SWIFT_ACTIVE_COMPILATION_CONDITIONS = DEBUG;
				SWIFT_OPTIMIZATION_LEVEL = "-Onone";
			};
			name = Debug;
		};
		7F506F6927D0B0AA00BB0B70 /* Release */ = {
			isa = XCBuildConfiguration;
			buildSettings = {
				ALWAYS_SEARCH_USER_PATHS = NO;
				CLANG_ANALYZER_NONNULL = YES;
				CLANG_ANALYZER_NUMBER_OBJECT_CONVERSION = YES_AGGRESSIVE;
				CLANG_CXX_LANGUAGE_STANDARD = "gnu++17";
				CLANG_CXX_LIBRARY = "libc++";
				CLANG_ENABLE_MODULES = YES;
				CLANG_ENABLE_OBJC_ARC = YES;
				CLANG_ENABLE_OBJC_WEAK = YES;
				CLANG_WARN_BLOCK_CAPTURE_AUTORELEASING = YES;
				CLANG_WARN_BOOL_CONVERSION = YES;
				CLANG_WARN_COMMA = YES;
				CLANG_WARN_CONSTANT_CONVERSION = YES;
				CLANG_WARN_DEPRECATED_OBJC_IMPLEMENTATIONS = YES;
				CLANG_WARN_DIRECT_OBJC_ISA_USAGE = YES_ERROR;
				CLANG_WARN_DOCUMENTATION_COMMENTS = YES;
				CLANG_WARN_EMPTY_BODY = YES;
				CLANG_WARN_ENUM_CONVERSION = YES;
				CLANG_WARN_INFINITE_RECURSION = YES;
				CLANG_WARN_INT_CONVERSION = YES;
				CLANG_WARN_NON_LITERAL_NULL_CONVERSION = YES;
				CLANG_WARN_OBJC_IMPLICIT_RETAIN_SELF = YES;
				CLANG_WARN_OBJC_LITERAL_CONVERSION = YES;
				CLANG_WARN_OBJC_ROOT_CLASS = YES_ERROR;
				CLANG_WARN_QUOTED_INCLUDE_IN_FRAMEWORK_HEADER = YES;
				CLANG_WARN_RANGE_LOOP_ANALYSIS = YES;
				CLANG_WARN_STRICT_PROTOTYPES = YES;
				CLANG_WARN_SUSPICIOUS_MOVE = YES;
				CLANG_WARN_UNGUARDED_AVAILABILITY = YES_AGGRESSIVE;
				CLANG_WARN_UNREACHABLE_CODE = YES;
				CLANG_WARN__DUPLICATE_METHOD_MATCH = YES;
				COPY_PHASE_STRIP = NO;
				DEBUG_INFORMATION_FORMAT = "dwarf-with-dsym";
				ENABLE_NS_ASSERTIONS = NO;
				ENABLE_STRICT_OBJC_MSGSEND = YES;
				GCC_C_LANGUAGE_STANDARD = gnu11;
				GCC_NO_COMMON_BLOCKS = YES;
				GCC_WARN_64_TO_32_BIT_CONVERSION = YES;
				GCC_WARN_ABOUT_RETURN_TYPE = YES_ERROR;
				GCC_WARN_UNDECLARED_SELECTOR = YES;
				GCC_WARN_UNINITIALIZED_AUTOS = YES_AGGRESSIVE;
				GCC_WARN_UNUSED_FUNCTION = YES;
				GCC_WARN_UNUSED_VARIABLE = YES;
				IPHONEOS_DEPLOYMENT_TARGET = 15.0;
				MTL_ENABLE_DEBUG_INFO = NO;
				MTL_FAST_MATH = YES;
				SDKROOT = iphoneos;
				SWIFT_COMPILATION_MODE = wholemodule;
				SWIFT_OPTIMIZATION_LEVEL = "-O";
				VALIDATE_PRODUCT = YES;
			};
			name = Release;
		};
		7F506F6B27D0B0AA00BB0B70 /* Debug */ = {
			isa = XCBuildConfiguration;
			buildSettings = {
				ASSETCATALOG_COMPILER_APPICON_NAME = AppIcon;
				ASSETCATALOG_COMPILER_GLOBAL_ACCENT_COLOR_NAME = AccentColor;
				CODE_SIGN_STYLE = Automatic;
				CURRENT_PROJECT_VERSION = 1;
				DEVELOPMENT_ASSET_PATHS = "\"Workout/Preview Content\"";
				ENABLE_PREVIEWS = YES;
				GENERATE_INFOPLIST_FILE = YES;
				INFOPLIST_KEY_UIApplicationSceneManifest_Generation = YES;
				INFOPLIST_KEY_UIApplicationSupportsIndirectInputEvents = YES;
				INFOPLIST_KEY_UILaunchScreen_Generation = YES;
				INFOPLIST_KEY_UISupportedInterfaceOrientations_iPad = "UIInterfaceOrientationPortrait UIInterfaceOrientationPortraitUpsideDown UIInterfaceOrientationLandscapeLeft UIInterfaceOrientationLandscapeRight";
				INFOPLIST_KEY_UISupportedInterfaceOrientations_iPhone = "UIInterfaceOrientationPortrait UIInterfaceOrientationLandscapeLeft UIInterfaceOrientationLandscapeRight";
				LD_RUNPATH_SEARCH_PATHS = (
					"$(inherited)",
					"@executable_path/Frameworks",
				);
				MARKETING_VERSION = 1.0;
				PRODUCT_BUNDLE_IDENTIFIER = "com.kny-bestanimation.www.Workout";
				PRODUCT_NAME = "$(TARGET_NAME)";
				SWIFT_EMIT_LOC_STRINGS = YES;
				SWIFT_VERSION = 5.0;
				TARGETED_DEVICE_FAMILY = "1,2";
			};
			name = Debug;
		};
		7F506F6C27D0B0AA00BB0B70 /* Release */ = {
			isa = XCBuildConfiguration;
			buildSettings = {
				ASSETCATALOG_COMPILER_APPICON_NAME = AppIcon;
				ASSETCATALOG_COMPILER_GLOBAL_ACCENT_COLOR_NAME = AccentColor;
				CODE_SIGN_STYLE = Automatic;
				CURRENT_PROJECT_VERSION = 1;
				DEVELOPMENT_ASSET_PATHS = "\"Workout/Preview Content\"";
				ENABLE_PREVIEWS = YES;
				GENERATE_INFOPLIST_FILE = YES;
				INFOPLIST_KEY_UIApplicationSceneManifest_Generation = YES;
				INFOPLIST_KEY_UIApplicationSupportsIndirectInputEvents = YES;
				INFOPLIST_KEY_UILaunchScreen_Generation = YES;
				INFOPLIST_KEY_UISupportedInterfaceOrientations_iPad = "UIInterfaceOrientationPortrait UIInterfaceOrientationPortraitUpsideDown UIInterfaceOrientationLandscapeLeft UIInterfaceOrientationLandscapeRight";
				INFOPLIST_KEY_UISupportedInterfaceOrientations_iPhone = "UIInterfaceOrientationPortrait UIInterfaceOrientationLandscapeLeft UIInterfaceOrientationLandscapeRight";
				LD_RUNPATH_SEARCH_PATHS = (
					"$(inherited)",
					"@executable_path/Frameworks",
				);
				MARKETING_VERSION = 1.0;
				PRODUCT_BUNDLE_IDENTIFIER = "com.kny-bestanimation.www.Workout";
				PRODUCT_NAME = "$(TARGET_NAME)";
				SWIFT_EMIT_LOC_STRINGS = YES;
				SWIFT_VERSION = 5.0;
				TARGETED_DEVICE_FAMILY = "1,2";
			};
			name = Release;
		};
/* End XCBuildConfiguration section */

/* Begin XCConfigurationList section */
		7F506F5727D0B0A700BB0B70 /* Build configuration list for PBXProject "Workout" */ = {
			isa = XCConfigurationList;
			buildConfigurations = (
				7F506F6827D0B0AA00BB0B70 /* Debug */,
				7F506F6927D0B0AA00BB0B70 /* Release */,
			);
			defaultConfigurationIsVisible = 0;
			defaultConfigurationName = Release;
		};
		7F506F6A27D0B0AA00BB0B70 /* Build configuration list for PBXNativeTarget "Workout" */ = {
			isa = XCConfigurationList;
			buildConfigurations = (
				7F506F6B27D0B0AA00BB0B70 /* Debug */,
				7F506F6C27D0B0AA00BB0B70 /* Release */,
			);
			defaultConfigurationIsVisible = 0;
			defaultConfigurationName = Release;
		};
/* End XCConfigurationList section */
	};
	rootObject = 7F506F5427D0B0A700BB0B70 /* Project object */;
}
